
Microsoft Visual Studio Solution File, Format Version 12.00
# Visual Studio Version 17
VisualStudioVersion = 17.3.32825.248
MinimumVisualStudioVersion = 10.0.40219.1
Project("{9A19103F-16F7-4668-BE54-9A1E7A4F7556}") = "FetchFromXML", "FetchFromXML\FetchFromXML.csproj", "{27B29F21-9F81-4BA1-A8F4-D2FC2B2BC37B}"
EndProject
Global
	GlobalSection(SolutionConfigurationPlatforms) = preSolution
		Debug|Any CPU = Debug|Any CPU
		Debug|x64 = Debug|x64
		Release|Any CPU = Release|Any CPU
		Release|x64 = Release|x64
	EndGlobalSection
	GlobalSection(ProjectConfigurationPlatforms) = postSolution
		{27B29F21-9F81-4BA1-A8F4-D2FC2B2BC37B}.Debug|Any CPU.ActiveCfg = Debug|Any CPU
		{27B29F21-9F81-4BA1-A8F4-D2FC2B2BC37B}.Debug|Any CPU.Build.0 = Debug|Any CPU
		{27B29F21-9F81-4BA1-A8F4-D2FC2B2BC37B}.Debug|x64.ActiveCfg = Debug|x64
		{27B29F21-9F81-4BA1-A8F4-D2FC2B2BC37B}.Debug|x64.Build.0 = Debug|x64
		{27B29F21-9F81-4BA1-A8F4-D2FC2B2BC37B}.Release|Any CPU.ActiveCfg = Release|Any CPU
		{27B29F21-9F81-4BA1-A8F4-D2FC2B2BC37B}.Release|Any CPU.Build.0 = Release|Any CPU
		{27B29F21-9F81-4BA1-A8F4-D2FC2B2BC37B}.Release|x64.ActiveCfg = Release|x64
		{27B29F21-9F81-4BA1-A8F4-D2FC2B2BC37B}.Release|x64.Build.0 = Release|x64
	EndGlobalSection
	GlobalSection(SolutionProperties) = preSolution
		HideSolutionNode = FALSE
	EndGlobalSection
	GlobalSection(ExtensibilityGlobals) = postSolution
		SolutionGuid = {455D7A47-D78F-4A13-BD55-F55806866870}
	EndGlobalSection
EndGlobal
